{
  "version": 4,
  "terraform_version": "0.12.20",
  "serial": 59,
  "lineage": "4220242f-2be5-c22c-5afd-cd62f57c6bd3",
  "outputs": {
    "kubernetes_cluster_name": {
      "value": "infra-279617-gke",
      "type": "string"
    },
    "region": {
      "value": "us-central1",
      "type": "string"
    }
  },
  "resources": [
    {
      "mode": "managed",
      "type": "google_compute_network",
      "name": "vpc",
      "provider": "provider.google",
      "instances": [
        {
          "schema_version": 0,
          "attributes": {
            "auto_create_subnetworks": false,
            "delete_default_routes_on_create": false,
            "description": "",
            "gateway_ipv4": "",
            "id": "projects/infra-279617/global/networks/infra-279617-vpc",
            "ipv4_range": null,
            "name": "infra-279617-vpc",
            "project": "infra-279617",
            "routing_mode": "REGIONAL",
            "self_link": "https://www.googleapis.com/compute/v1/projects/infra-279617/global/networks/infra-279617-vpc",
            "timeouts": null
          },
          "private": "eyJlMmJmYjczMC1lY2FhLTExZTYtOGY4OC0zNDM2M2JjN2M0YzAiOnsiY3JlYXRlIjoyNDAwMDAwMDAwMDAsImRlbGV0ZSI6MjQwMDAwMDAwMDAwLCJ1cGRhdGUiOjI0MDAwMDAwMDAwMH19"
        }
      ]
    },
    {
      "mode": "managed",
      "type": "google_compute_subnetwork",
      "name": "subnet",
      "provider": "provider.google",
      "instances": [
        {
          "schema_version": 0,
          "attributes": {
            "creation_timestamp": "2020-06-12T03:15:41.889-07:00",
            "description": "",
            "enable_flow_logs": null,
            "fingerprint": null,
            "gateway_address": "10.10.0.1",
            "id": "projects/infra-279617/regions/us-central1/subnetworks/infra-279617-subnet",
            "ip_cidr_range": "10.10.0.0/24",
            "log_config": [],
            "name": "infra-279617-subnet",
            "network": "https://www.googleapis.com/compute/v1/projects/infra-279617/global/networks/infra-279617-vpc",
            "private_ip_google_access": false,
            "project": "infra-279617",
            "region": "us-central1",
            "secondary_ip_range": [],
            "self_link": "https://www.googleapis.com/compute/v1/projects/infra-279617/regions/us-central1/subnetworks/infra-279617-subnet",
            "timeouts": null
          },
          "private": "eyJlMmJmYjczMC1lY2FhLTExZTYtOGY4OC0zNDM2M2JjN2M0YzAiOnsiY3JlYXRlIjozNjAwMDAwMDAwMDAsImRlbGV0ZSI6MzYwMDAwMDAwMDAwLCJ1cGRhdGUiOjM2MDAwMDAwMDAwMH19",
          "dependencies": [
            "google_compute_network.vpc"
          ]
        }
      ]
    },
    {
      "mode": "managed",
      "type": "google_container_cluster",
      "name": "primary",
      "provider": "provider.google",
      "instances": [
        {
          "schema_version": 1,
          "attributes": {
            "additional_zones": [],
            "addons_config": [
              {
                "cloudrun_config": [],
                "horizontal_pod_autoscaling": [],
                "http_load_balancing": [],
                "kubernetes_dashboard": [],
                "network_policy_config": [
                  {
                    "disabled": true
                  }
                ]
              }
            ],
            "authenticator_groups_config": [],
            "cluster_autoscaling": [
              {
                "auto_provisioning_defaults": [],
                "enabled": false,
                "resource_limits": []
              }
            ],
            "cluster_ipv4_cidr": "10.12.0.0/14",
            "default_max_pods_per_node": null,
            "description": "",
            "enable_binary_authorization": false,
            "enable_intranode_visibility": null,
            "enable_kubernetes_alpha": false,
            "enable_legacy_abac": false,
            "enable_shielded_nodes": false,
            "enable_tpu": null,
            "endpoint": "35.226.97.10",
            "id": "projects/infra-279617/locations/us-central1/clusters/infra-279617-gke",
            "initial_node_count": 1,
            "instance_group_urls": [],
            "ip_allocation_policy": [],
            "label_fingerprint": "a9dc16a7",
            "location": "us-central1",
            "logging_service": "logging.googleapis.com/kubernetes",
            "maintenance_policy": [],
            "master_auth": [
              {
                "client_certificate": "",
                "client_certificate_config": [
                  {
                    "issue_client_certificate": false
                  }
                ],
                "client_key": "",
                "cluster_ca_certificate": "LS0tLS1CRUdJTiBDRVJUSUZJQ0FURS0tLS0tCk1JSURDekNDQWZPZ0F3SUJBZ0lRWkJsZ1lLRzVQNmE0d2FYdXpzNHJkekFOQmdrcWhraUc5dzBCQVFzRkFEQXYKTVMwd0t3WURWUVFERXlSbE9UZGhZMlUxTkMxa01HSXpMVFEyWm1VdE9HWXpNeTB5WXpjeE5UbG1NMkptTldFdwpIaGNOTWpBd05qRXlNRGt4TlRVNFdoY05NalV3TmpFeE1UQXhOVFU0V2pBdk1TMHdLd1lEVlFRREV5UmxPVGRoClkyVTFOQzFrTUdJekxUUTJabVV0T0dZek15MHlZemN4TlRsbU0ySm1OV0V3Z2dFaU1BMEdDU3FHU0liM0RRRUIKQVFVQUE0SUJEd0F3Z2dFS0FvSUJBUURPKzNnU3ZNeHhkd2dxTDRxYWR3UVN5RjRqSkJhVlFvSzNEKzV5TFk4bwpacmU4T21HNVJDK2R0b3lpSFAzK05nVUJ6OFh0ZGdZQWpZNzJyUGljOTQwVkQ3UEk0T1ZFdi95WHhLcnlDTTl5CmY1SFVZWTBrQVNhc2k5WXhKSUNqbTcvMjllYnhUWkRFcFlzZFgvendiUFRuRFlOK0RnMmNqWHlvemlxZW1mWUYKaGpNMEM2cVUyRzNOZFYyMzBPVFF0YmNaR1M3SlZnZ3JOd1M4NG9VU29Hd0xQYVVMVmszendwdm9ZSHZvRWJxKwp3TEtyQ01zWTBLaHllL3hHRjZjV2E0YVRRZ3dqUi9NS3hha21UM3VFUkl2S0FkYzQ1dndGbWVEbGdOQk5keGEyCkRlUUN0ZzdaU3hyMEJIc1YyVnErNCtJWExPdEpMcU5wdDZnUmtPQzJYNjhaQWdNQkFBR2pJekFoTUE0R0ExVWQKRHdFQi93UUVBd0lDQkRBUEJnTlZIUk1CQWY4RUJUQURBUUgvTUEwR0NTcUdTSWIzRFFFQkN3VUFBNElCQVFCRgpIWDNVS0RDZStrV2crQVdJQVpNOEQxQkRpUHRYVXJDcmVSQ1NFRW41ektNUS9WL0Nna3RlRVNHQ0c4aFRrZVcyCkU3UTE3NVZxRnRNWjh5Qy90VVNES2NBY3Q0c0pjYzVmR1kzUWJRYmJHajM3R24xanM1LzhQUjNBUmRYb2lPMC8KL2tiOHZjUDhYS2tFTXNzMWJhZjFvVlhyYkhUeGhaTnlDaUdBbEQ5REhEY1JYbmo1ZEc1WWFzaURmQUFWdHNMUgorcCs4MXpQR2plbW5XRi9QSVlFNEowRFVYaU9TVUxrUHZWQWxOc2RIZjVuTlRRK0lhNVJIZzY4cldyTDE1M0gzCmF6czFEMkgxM3lJU0xRS1VEdlNlYjU2czZRZlk0My9IV3JMK2c3bS80TVRwRmcxaHRYdkhGZU1UOVVDc1FRSWsKRTI3TDE2c0dMR3dNa0JUUjNtQUoKLS0tLS1FTkQgQ0VSVElGSUNBVEUtLS0tLQo=",
                "password": "",
                "username": ""
              }
            ],
            "master_authorized_networks_config": [],
            "master_version": "1.14.10-gke.36",
            "min_master_version": null,
            "monitoring_service": "monitoring.googleapis.com/kubernetes",
            "name": "infra-279617-gke",
            "network": "projects/infra-279617/global/networks/infra-279617-vpc",
            "network_policy": [
              {
                "enabled": false,
                "provider": "PROVIDER_UNSPECIFIED"
              }
            ],
            "node_config": [],
            "node_locations": [
              "us-central1-b",
              "us-central1-c",
              "us-central1-f"
            ],
            "node_pool": [],
            "node_version": "1.14.10-gke.36",
            "operation": null,
            "pod_security_policy_config": null,
            "private_cluster_config": [],
            "project": "infra-279617",
            "region": null,
            "remove_default_node_pool": true,
            "resource_labels": null,
            "resource_usage_export_config": [],
            "services_ipv4_cidr": "10.15.240.0/20",
            "subnetwork": "projects/infra-279617/regions/us-central1/subnetworks/infra-279617-subnet",
            "timeouts": null,
            "vertical_pod_autoscaling": [],
            "zone": null
          },
          "private": "eyJlMmJmYjczMC1lY2FhLTExZTYtOGY4OC0zNDM2M2JjN2M0YzAiOnsiY3JlYXRlIjoyNDAwMDAwMDAwMDAwLCJkZWxldGUiOjI0MDAwMDAwMDAwMDAsInJlYWQiOjI0MDAwMDAwMDAwMDAsInVwZGF0ZSI6MzYwMDAwMDAwMDAwMH0sInNjaGVtYV92ZXJzaW9uIjoiMSJ9",
          "dependencies": [
            "google_compute_network.vpc",
            "google_compute_subnetwork.subnet"
          ]
        }
      ]
    },
    {
      "mode": "managed",
      "type": "google_container_node_pool",
      "name": "primary_nodes",
      "provider": "provider.google",
      "instances": [
        {
          "schema_version": 1,
          "attributes": {
            "autoscaling": [],
            "cluster": "infra-279617-gke",
            "id": "projects/infra-279617/locations/us-central1/clusters/infra-279617-gke/nodePools/infra-279617-gke-node-pool",
            "initial_node_count": 2,
            "instance_group_urls": [
              "https://www.googleapis.com/compute/v1/projects/infra-279617/zones/us-central1-b/instanceGroupManagers/gke-infra-279617-gke-infra-279617-gke-80f87003-grp",
              "https://www.googleapis.com/compute/v1/projects/infra-279617/zones/us-central1-f/instanceGroupManagers/gke-infra-279617-gke-infra-279617-gke-29e666bc-grp",
              "https://www.googleapis.com/compute/v1/projects/infra-279617/zones/us-central1-c/instanceGroupManagers/gke-infra-279617-gke-infra-279617-gke-6111c2c1-grp"
            ],
            "location": "us-central1",
            "management": [
              {
                "auto_repair": true,
                "auto_upgrade": true
              }
            ],
            "max_pods_per_node": null,
            "name": "infra-279617-gke-node-pool",
            "name_prefix": "",
            "node_config": [
              {
                "disk_size_gb": 100,
                "disk_type": "pd-standard",
                "guest_accelerator": [],
                "image_type": "COS",
                "labels": {
                  "env": "infra-279617"
                },
                "local_ssd_count": 0,
                "machine_type": "n1-standard-1",
                "metadata": {
                  "disable-legacy-endpoints": "true"
                },
                "min_cpu_platform": "",
                "oauth_scopes": [
                  "https://www.googleapis.com/auth/logging.write",
                  "https://www.googleapis.com/auth/monitoring"
                ],
                "preemptible": false,
                "sandbox_config": [],
                "service_account": "default",
                "shielded_instance_config": [
                  {
                    "enable_integrity_monitoring": true,
                    "enable_secure_boot": false
                  }
                ],
                "tags": [
                  "gke-node",
                  "infra-279617-gke"
                ],
                "taint": [],
                "workload_metadata_config": []
              }
            ],
            "node_count": 2,
            "node_locations": [
              "us-central1-b",
              "us-central1-c",
              "us-central1-f"
            ],
            "project": "infra-279617",
            "region": null,
            "timeouts": null,
            "upgrade_settings": [
              {
                "max_surge": 1,
                "max_unavailable": 0
              }
            ],
            "version": "1.14.10-gke.36",
            "zone": null
          },
          "private": "eyJlMmJmYjczMC1lY2FhLTExZTYtOGY4OC0zNDM2M2JjN2M0YzAiOnsiY3JlYXRlIjoxODAwMDAwMDAwMDAwLCJkZWxldGUiOjE4MDAwMDAwMDAwMDAsInVwZGF0ZSI6MTgwMDAwMDAwMDAwMH0sInNjaGVtYV92ZXJzaW9uIjoiMSJ9",
          "dependencies": [
            "google_compute_network.vpc",
            "google_compute_subnetwork.subnet",
            "google_container_cluster.primary"
          ]
        }
      ]
    }
  ]
}
